
Microsoft Visual Studio Solution File, Format Version 12.00
# Visual Studio 15
VisualStudioVersion = 15.0.28307.168
MinimumVisualStudioVersion = 10.0.40219.1
Project("{FAE04EC0-301F-11D3-BF4B-00C04F79EFBC}") = "EchoWeb", "EchoWeb\EchoWeb.csproj", "{8D504D33-61C4-4DFD-B480-3D33828FBAEC}"
EndProject
Global
	GlobalSection(SolutionConfigurationPlatforms) = preSolution
		Debug|Any CPU = Debug|Any CPU
		Release|Any CPU = Release|Any CPU
	EndGlobalSection
	GlobalSection(ProjectConfigurationPlatforms) = postSolution
		{8D504D33-61C4-4DFD-B480-3D33828FBAEC}.Debug|Any CPU.ActiveCfg = Debug|Any CPU
		{8D504D33-61C4-4DFD-B480-3D33828FBAEC}.Debug|Any CPU.Build.0 = Debug|Any CPU
		{8D504D33-61C4-4DFD-B480-3D33828FBAEC}.Release|Any CPU.ActiveCfg = Release|Any CPU
		{8D504D33-61C4-4DFD-B480-3D33828FBAEC}.Release|Any CPU.Build.0 = Release|Any CPU
	EndGlobalSection
	GlobalSection(SolutionProperties) = preSolution
		HideSolutionNode = FALSE
	EndGlobalSection
	GlobalSection(ExtensibilityGlobals) = postSolution
		SolutionGuid = {94691AC2-F308-4ABC-9E11-6D1FCF326135}
	EndGlobalSection
EndGlobal
